{
    "_readme": [
        "This file locks the dependencies of your project to a known state",
        "Read more about it at https://getcomposer.org/doc/01-basic-usage.md#composer-lock-the-lock-file",
        "This file is @generated automatically"
    ],
    "hash": "6f067fba9034f86e3044ea3de1cfd06d",
    "content-hash": "2916f554d6f0b22db7d2b8a22bfc1792",
    "packages": [
        {
            "name": "colymba/gridfield-bulk-editing-tools",
            "version": "2.1.x-dev",
            "source": {
                "type": "git",
                "url": "https://github.com/colymba/GridFieldBulkEditingTools.git",
                "reference": "3aad957a69c73b43d5e6a1cd7e86633b4a2f7e23"
            },
            "dist": {
                "type": "zip",
                "url": "https://api.github.com/repos/colymba/GridFieldBulkEditingTools/zipball/3aad957a69c73b43d5e6a1cd7e86633b4a2f7e23",
                "reference": "3aad957a69c73b43d5e6a1cd7e86633b4a2f7e23",
                "shasum": ""
            },
            "require": {
                "silverstripe/framework": ">=3.1"
            },
            "type": "silverstripe-module",
            "notification-url": "https://packagist.org/downloads/",
            "license": [
                "BSD Simplified"
            ],
            "authors": [
                {
                    "name": "Thierry Francois",
                    "homepage": "http://colymba.com"
                },
                {
                    "name": "GitHub contributors",
                    "homepage": "https://github.com/colymba/GridFieldBulkEditingTools/contributors"
                }
            ],
            "description": "SilverStripe 3 GridField component to upload images and edit records in bulk",
            "homepage": "https://github.com/colymba/GridFieldBulkEditingTools",
            "keywords": [
                "Image upload",
                "bulk upload",
                "gridfield bulk upload",
                "silverstripe"
            ],
            "time": "2017-01-25 12:41:08"
        },
        {
            "name": "composer/installers",
            "version": "dev-master",
            "source": {
                "type": "git",
                "url": "https://github.com/composer/installers.git",
                "reference": "020d476ae2ea88ef5fc3f8d711c33ed27ad5ea3e"
            },
            "dist": {
                "type": "zip",
                "url": "https://api.github.com/repos/composer/installers/zipball/020d476ae2ea88ef5fc3f8d711c33ed27ad5ea3e",
                "reference": "020d476ae2ea88ef5fc3f8d711c33ed27ad5ea3e",
                "shasum": ""
            },
            "require": {
                "composer-plugin-api": "^1.0"
            },
            "replace": {
                "roundcube/plugin-installer": "*",
                "shama/baton": "*"
            },
            "require-dev": {
                "composer/composer": "1.0.*@dev",
                "phpunit/phpunit": "4.1.*"
            },
            "type": "composer-plugin",
            "extra": {
                "class": "Composer\\Installers\\Plugin",
                "branch-alias": {
                    "dev-master": "1.0-dev"
                }
            },
            "autoload": {
                "psr-4": {
                    "Composer\\Installers\\": "src/Composer/Installers"
                }
            },
            "notification-url": "https://packagist.org/downloads/",
            "license": [
                "MIT"
            ],
            "authors": [
                {
                    "name": "Kyle Robinson Young",
                    "email": "kyle@dontkry.com",
                    "homepage": "https://github.com/shama"
                }
            ],
            "description": "A multi-framework Composer library installer",
            "homepage": "https://composer.github.io/installers/",
            "keywords": [
                "Craft",
                "Dolibarr",
                "Hurad",
                "ImageCMS",
                "Kanboard",
                "MODX Evo",
                "Mautic",
                "Maya",
                "OXID",
                "Plentymarkets",
                "Porto",
                "RadPHP",
                "SMF",
                "Thelia",
                "WolfCMS",
                "agl",
                "aimeos",
                "annotatecms",
                "attogram",
                "bitrix",
                "cakephp",
                "chef",
                "cockpit",
                "codeigniter",
                "concrete5",
                "croogo",
                "dokuwiki",
                "drupal",
                "elgg",
                "expressionengine",
                "fuelphp",
                "grav",
                "installer",
                "joomla",
                "kohana",
                "laravel",
                "lithium",
                "magento",
                "mako",
                "mediawiki",
                "modulework",
                "moodle",
                "phpbb",
                "piwik",
                "ppi",
                "puppet",
                "reindex",
                "roundcube",
                "shopware",
                "silverstripe",
                "symfony",
                "typo3",
                "wordpress",
                "yawik",
                "zend",
                "zikula"
            ],
            "time": "2017-01-27 13:02:46"
        },
        {
            "name": "md/ac-json-events",
            "version": "dev-master",
            "source": {
                "type": "git",
                "url": "https://github.com/StudentLifeMarketingAndDesign/ac-json-events.git",
                "reference": "44ce668e2925d0de9f5e1994cc0282ac20fbcf9e"
            },
            "dist": {
                "type": "zip",
                "url": "https://api.github.com/repos/StudentLifeMarketingAndDesign/ac-json-events/zipball/44ce668e2925d0de9f5e1994cc0282ac20fbcf9e",
                "reference": "44ce668e2925d0de9f5e1994cc0282ac20fbcf9e",
                "shasum": ""
            },
            "require": {
                "php": ">=5.3.2",
                "silverstripe/cms": "3.*",
                "silverstripe/framework": "3.*"
            },
            "type": "silverstripe-module",
            "extra": {
                "branch-alias": {
                    "dev-master": "0.1.x-dev"
                }
            },
            "description": "After Class JSON Display Module",
            "support": {
                "source": "https://github.com/StudentLifeMarketingAndDesign/ac-json-events/tree/master",
                "issues": "https://github.com/StudentLifeMarketingAndDesign/ac-json-events/issues"
            },
            "time": "2016-10-19 16:07:13"
        },
        {
            "name": "md/division-bar",
            "version": "dev-master",
            "source": {
                "type": "git",
                "url": "https://github.com/StudentLifeMarketingAndDesign/division-bar.git",
                "reference": "22913ca8e3e4398f3042a4c076da682f7d2550b7"
            },
            "dist": {
                "type": "zip",
                "url": "https://api.github.com/repos/StudentLifeMarketingAndDesign/division-bar/zipball/22913ca8e3e4398f3042a4c076da682f7d2550b7",
                "reference": "22913ca8e3e4398f3042a4c076da682f7d2550b7",
                "shasum": ""
            },
            "require": {
                "php": ">=5.3.2",
                "silverstripe/cms": "3.*",
                "silverstripe/framework": "3.*"
            },
            "type": "silverstripe-module",
            "extra": {
                "branch-alias": {
                    "dev-master": "0.1.x-dev"
                }
            },
            "description": "The University of Iowa Division of Student Life Bar",
            "support": {
                "source": "https://github.com/StudentLifeMarketingAndDesign/division-bar/tree/master",
                "issues": "https://github.com/StudentLifeMarketingAndDesign/division-bar/issues"
            },
            "time": "2016-10-14 20:47:47"
        },
        {
            "name": "md/rss-display",
            "version": "dev-master",
            "source": {
                "type": "git",
                "url": "https://github.com/StudentLifeMarketingAndDesign/rss-display.git",
                "reference": "8825a6fe897c5ee3d91611146c8c1834a0594964"
            },
            "dist": {
                "type": "zip",
                "url": "https://api.github.com/repos/StudentLifeMarketingAndDesign/rss-display/zipball/8825a6fe897c5ee3d91611146c8c1834a0594964",
                "reference": "8825a6fe897c5ee3d91611146c8c1834a0594964",
                "shasum": ""
            },
            "require": {
                "php": ">=5.3.2",
                "silverstripe/cms": "3.*",
                "silverstripe/framework": "3.*"
            },
            "type": "silverstripe-module",
            "extra": {
                "branch-alias": {
                    "dev-master": "0.3.x-dev"
                }
            },
            "description": "MD RSS Display Module",
            "support": {
                "source": "https://github.com/StudentLifeMarketingAndDesign/rss-display/tree/master",
                "issues": "https://github.com/StudentLifeMarketingAndDesign/rss-display/issues"
            },
            "time": "2015-04-28 20:02:10"
        },
        {
            "name": "silverstripe/blog",
            "version": "2.x-dev",
            "source": {
                "type": "git",
                "url": "https://github.com/silverstripe/silverstripe-blog.git",
                "reference": "3e298b7b108c2a04d956716fe05bd05ba9703bc9"
            },
            "dist": {
                "type": "zip",
                "url": "https://api.github.com/repos/silverstripe/silverstripe-blog/zipball/3e298b7b108c2a04d956716fe05bd05ba9703bc9",
                "reference": "3e298b7b108c2a04d956716fe05bd05ba9703bc9",
                "shasum": ""
            },
            "require": {
                "silverstripe/cms": "^3.1.0",
                "silverstripe/lumberjack": "~1.1",
                "silverstripe/tagfield": "^1.0"
            },
            "replace": {
                "micmania1/silverstripe-blog": "*"
            },
            "require-dev": {
                "phpunit/phpunit": "~3.7@stable"
            },
            "suggest": {
                "silverstripe/comments": "This module adds comments to your blog.",
                "silverstripe/widgets": "Some widgets come with the blog which are compatible with the widgets module."
            },
            "type": "silverstripe-module",
            "extra": {
                "branch-alias": {
                    "2.x-dev": "2.5.x-dev"
                }
            },
            "notification-url": "https://packagist.org/downloads/",
            "license": [
                "BSD-2-Clause"
            ],
            "authors": [
                {
                    "name": "Michael Strong",
                    "email": "github@michaelstrong.co.uk"
                }
            ],
            "description": "A fresh take on blogging in Silverstripe set out to tackle the issue of a cluttered Site Tree.",
            "keywords": [
                "blog",
                "news",
                "silverstripe"
            ],
            "time": "2016-12-20 15:20:16"
        },
        {
            "name": "silverstripe/cms",
            "version": "3.4.4",
            "source": {
                "type": "git",
                "url": "https://github.com/silverstripe/silverstripe-cms.git",
                "reference": "9917cee7bd1678118f1f76c7a4139dd473ea0f7e"
            },
            "dist": {
                "type": "zip",
                "url": "https://api.github.com/repos/silverstripe/silverstripe-cms/zipball/9917cee7bd1678118f1f76c7a4139dd473ea0f7e",
                "reference": "9917cee7bd1678118f1f76c7a4139dd473ea0f7e",
                "shasum": ""
            },
            "require": {
                "composer/installers": "*",
                "php": ">=5.3.3",
                "silverstripe/framework": "~3.4",
                "silverstripe/reports": "~3.4",
                "silverstripe/siteconfig": "~3.4"
            },
            "type": "silverstripe-module",
            "autoload": {
                "classmap": [
                    "tests/behat/"
                ]
            },
            "notification-url": "https://packagist.org/downloads/",
            "license": [
                "BSD-3-Clause"
            ],
            "authors": [
                {
                    "name": "SilverStripe",
                    "homepage": "http://silverstripe.com"
                },
                {
                    "name": "The SilverStripe Community",
                    "homepage": "http://silverstripe.org"
                }
            ],
            "description": "The SilverStripe Content Management System",
            "homepage": "http://silverstripe.org",
            "keywords": [
                "cms",
                "silverstripe"
            ],
            "time": "2017-01-31 11:39:08"
        },
        {
            "name": "silverstripe/framework",
            "version": "3.4.4",
            "source": {
                "type": "git",
                "url": "https://github.com/silverstripe/silverstripe-framework.git",
                "reference": "02a87d4ed154db3956cd8e62d5102e28c3eee7b6"
            },
            "dist": {
                "type": "zip",
                "url": "https://api.github.com/repos/silverstripe/silverstripe-framework/zipball/02a87d4ed154db3956cd8e62d5102e28c3eee7b6",
                "reference": "02a87d4ed154db3956cd8e62d5102e28c3eee7b6",
                "shasum": ""
            },
            "require": {
                "composer/installers": "~1.0",
                "php": ">=5.3.3,<7"
            },
            "require-dev": {
                "phpunit/phpunit": "~3.7"
            },
            "type": "silverstripe-module",
            "autoload": {
                "classmap": [
                    "tests/behat/features/bootstrap"
                ]
            },
            "notification-url": "https://packagist.org/downloads/",
            "license": [
                "BSD-3-Clause"
            ],
            "authors": [
                {
                    "name": "SilverStripe",
                    "homepage": "http://silverstripe.com"
                },
                {
                    "name": "The SilverStripe Community",
                    "homepage": "http://silverstripe.org"
                }
            ],
            "description": "The SilverStripe framework",
            "homepage": "http://silverstripe.org",
            "keywords": [
                "framework",
                "silverstripe"
            ],
            "time": "2017-01-31 11:39:09"
        },
        {
            "name": "silverstripe/gridfieldajaxrefresh",
            "version": "dev-master",
            "source": {
                "type": "git",
                "url": "https://github.com/silverstripe-archive/silverstripe-gridfieldajaxrefresh.git",
                "reference": "f1ae5061089926f4e1ed29eb10fd06cde6a37ce4"
            },
            "dist": {
                "type": "zip",
                "url": "https://api.github.com/repos/silverstripe-archive/silverstripe-gridfieldajaxrefresh/zipball/f1ae5061089926f4e1ed29eb10fd06cde6a37ce4",
                "reference": "f1ae5061089926f4e1ed29eb10fd06cde6a37ce4",
                "shasum": ""
            },
            "require": {
                "silverstripe/framework": ">=3.0"
            },
            "type": "silverstripe-module",
            "notification-url": "https://packagist.org/downloads/",
            "license": [
                "BSD-3-Clause"
            ],
            "authors": [
                {
                    "name": "Julian Seidenberg",
                    "email": "julian@silverstripe.com"
                }
            ],
            "description": "Adds the ability to either automatically or manually refresh a SilverStripe GridField",
            "keywords": [
                "ajax",
                "auto-refresh",
                "automatic",
                "gridfield",
                "refresh",
                "silverstripe"
            ],
            "time": "2016-11-24 11:49:43"
        },
        {
            "name": "silverstripe/lumberjack",
            "version": "1.x-dev",
            "source": {
                "type": "git",
                "url": "https://github.com/silverstripe/silverstripe-lumberjack.git",
                "reference": "e85feffec01c414024bd1ba9e6cd668f2056631b"
            },
            "dist": {
                "type": "zip",
                "url": "https://api.github.com/repos/silverstripe/silverstripe-lumberjack/zipball/e85feffec01c414024bd1ba9e6cd668f2056631b",
                "reference": "e85feffec01c414024bd1ba9e6cd668f2056631b",
                "shasum": ""
            },
            "require": {
                "silverstripe/cms": "^3.1",
                "silverstripe/framework": "^3.1"
            },
            "require-dev": {
                "phpunit/phpunit": "~3.7@stable"
            },
            "type": "silverstripe-module",
            "extra": {
                "branch-alias": {
                    "1.x-dev": "1.2.x-dev"
                }
            },
            "notification-url": "https://packagist.org/downloads/",
            "license": [
                "BSD-2-Clause"
            ],
            "authors": [
                {
                    "name": "Michael Strong",
                    "email": "mstrong@silverstripe.org"
                }
            ],
            "description": "A module to make managing pages in a GridField easy without losing any of the functionality that you're used to in the CMS.",
            "time": "2016-11-16 04:32:56"
        },
        {
            "name": "silverstripe/reports",
            "version": "3.x-dev",
            "source": {
                "type": "git",
                "url": "https://github.com/silverstripe/silverstripe-reports.git",
                "reference": "b10955d98584df546f6d05a91576923368378d06"
            },
            "dist": {
                "type": "zip",
                "url": "https://api.github.com/repos/silverstripe/silverstripe-reports/zipball/b10955d98584df546f6d05a91576923368378d06",
                "reference": "b10955d98584df546f6d05a91576923368378d06",
                "shasum": ""
            },
            "require": {
                "php": ">=5.3.3,<7",
                "silverstripe/framework": "~3.3"
            },
            "require-dev": {
                "phpunit/phpunit": "~3.7"
            },
            "type": "silverstripe-module",
            "extra": {
                "branch-alias": {
                    "3.x-dev": "3.6.x-dev"
                }
            },
            "notification-url": "https://packagist.org/downloads/",
            "license": [
                "BSD-3-Clause"
            ],
            "authors": [
                {
                    "name": "SilverStripe",
                    "homepage": "http://silverstripe.com"
                },
                {
                    "name": "The SilverStripe Community",
                    "homepage": "http://silverstripe.org"
                }
            ],
            "description": "Reports module for SilverStripe CMS",
            "homepage": "http://silverstripe.org",
            "keywords": [
                "cms",
                "reports",
                "silverstripe"
            ],
            "time": "2016-11-28 14:14:09"
        },
        {
            "name": "silverstripe/siteconfig",
            "version": "3.x-dev",
            "source": {
                "type": "git",
                "url": "https://github.com/silverstripe/silverstripe-siteconfig.git",
                "reference": "838c2e950ac18a7d7395aa6df9c0feed612bf8d2"
            },
            "dist": {
                "type": "zip",
                "url": "https://api.github.com/repos/silverstripe/silverstripe-siteconfig/zipball/838c2e950ac18a7d7395aa6df9c0feed612bf8d2",
                "reference": "838c2e950ac18a7d7395aa6df9c0feed612bf8d2",
                "shasum": ""
            },
            "require": {
                "silverstripe/framework": "*"
            },
            "type": "silverstripe-module",
            "extra": {
                "installer-name": "siteconfig",
                "branch-alias": {
                    "3.x-dev": "3.6.x-dev"
                }
            },
            "autoload": {
                "classmap": [
                    "tests/behat/"
                ]
            },
            "notification-url": "https://packagist.org/downloads/",
            "authors": [
                {
                    "name": "Will Rossiter",
                    "email": "will@fullscreen.io"
                }
            ],
            "description": "Site wide settings administration.",
            "keywords": [
                "silverstripe",
                "siteconfig"
            ],
            "time": "2016-12-22 00:19:14"
        },
        {
            "name": "silverstripe/staticpublishqueue",
            "version": "dev-master",
            "source": {
                "type": "git",
                "url": "https://github.com/silverstripe/silverstripe-staticpublishqueue.git",
                "reference": "ae9fd88003a784c4e5f27dceb79fd14fd6a3f25c"
            },
            "dist": {
                "type": "zip",
                "url": "https://api.github.com/repos/silverstripe/silverstripe-staticpublishqueue/zipball/ae9fd88003a784c4e5f27dceb79fd14fd6a3f25c",
                "reference": "ae9fd88003a784c4e5f27dceb79fd14fd6a3f25c",
                "shasum": ""
            },
            "require": {
                "silverstripe/cms": ">=3.1.0",
                "silverstripe/framework": ">=3.1.0",
                "silverstripe/gridfieldajaxrefresh": "dev-master"
            },
            "type": "silverstripe-module",
            "notification-url": "https://packagist.org/downloads/",
            "description": "Static publishing queue to create static versions of pages for enhanced performance and security",
            "keywords": [
                "cache",
                "caching",
                "html",
                "performance",
                "publishing",
                "queue",
                "security",
                "silverstripe",
                "static",
                "static-cache",
                "static-caching",
                "static-publishing"
            ],
            "time": "2016-12-28 11:27:55"
        },
        {
            "name": "silverstripe/tagfield",
            "version": "1.x-dev",
            "source": {
                "type": "git",
                "url": "https://github.com/silverstripe/silverstripe-tagfield.git",
                "reference": "e205fb4f6d4f52755ef866fd6b27ffaf3400d49b"
            },
            "dist": {
                "type": "zip",
                "url": "https://api.github.com/repos/silverstripe/silverstripe-tagfield/zipball/e205fb4f6d4f52755ef866fd6b27ffaf3400d49b",
                "reference": "e205fb4f6d4f52755ef866fd6b27ffaf3400d49b",
                "shasum": ""
            },
            "require": {
                "silverstripe/framework": "~3.1"
            },
            "type": "silverstripe-module",
            "extra": {
                "branch-alias": {
                    "1.x-dev": "1.4.x-dev"
                }
            },
            "notification-url": "https://packagist.org/downloads/",
            "license": [
                "BSD-3-Clause"
            ],
            "authors": [
                {
                    "name": "Christopher Pitt",
                    "email": "chris@silverstripe.com",
                    "homepage": "http://github.com/assertchris"
                }
            ],
            "description": "Tag field for Silverstripe",
            "keywords": [
                "field",
                "silverstripe",
                "tag"
            ],
            "time": "2016-12-20 15:25:21"
        },
        {
            "name": "unclecheese/betterbuttons",
            "version": "3.0.x-dev",
            "source": {
                "type": "git",
                "url": "https://github.com/unclecheese/silverstripe-gridfield-betterbuttons.git",
                "reference": "ab7f20949df57a6f15ce60a961b19a70fb9ed59b"
            },
            "dist": {
                "type": "zip",
                "url": "https://api.github.com/repos/unclecheese/silverstripe-gridfield-betterbuttons/zipball/ab7f20949df57a6f15ce60a961b19a70fb9ed59b",
                "reference": "ab7f20949df57a6f15ce60a961b19a70fb9ed59b",
                "shasum": ""
            },
            "require": {
                "silverstripe/framework": "3.*"
            },
            "type": "silverstripe-module",
            "notification-url": "https://packagist.org/downloads/",
            "license": [
                "BSD-3-Clause"
            ],
            "authors": [
                {
                    "name": "Uncle Cheese",
                    "email": "unclecheese@leftandmain.com",
                    "homepage": "http://leftandmain.com"
                }
            ],
            "description": "Adds new form actions and buttons to GridField detail form for usability enhancements.",
            "keywords": [
                "buttons",
                "gridfield",
                "silverstripe"
            ],
            "time": "2013-11-25 22:11:03"
        },
        {
            "name": "undefinedoffset/sortablegridfield",
            "version": "dev-master",
            "source": {
                "type": "git",
                "url": "https://github.com/UndefinedOffset/SortableGridField.git",
                "reference": "94e916b4d91c7c0672a138a6c0a5e82a17c69f91"
            },
            "dist": {
                "type": "zip",
                "url": "https://api.github.com/repos/UndefinedOffset/SortableGridField/zipball/94e916b4d91c7c0672a138a6c0a5e82a17c69f91",
                "reference": "94e916b4d91c7c0672a138a6c0a5e82a17c69f91",
                "shasum": ""
            },
            "require": {
                "composer/installers": "*",
                "silverstripe/framework": ">=3.0.1"
            },
            "type": "silverstripe-module",
            "extra": {
                "installer-name": "sortablegridfield"
            },
            "notification-url": "https://packagist.org/downloads/",
            "license": [
                "BSD-3-Clause"
            ],
            "authors": [
                {
                    "name": "Ed Chipman",
                    "homepage": "http://www.edchipman.ca",
                    "role": "Developer"
                }
            ],
            "description": "Adds drag and drop functionality to SilverStripe 3.0's GridField",
            "keywords": [
                "gridfield",
                "silverstripe"
            ],
            "time": "2016-11-24 14:01:29"
        }
    ],
    "packages-dev": [],
    "aliases": [],
    "minimum-stability": "dev",
    "stability-flags": {
        "silverstripe/cms": 0,
        "silverstripe/framework": 0,
        "md/ac-json-events": 20
    },
    "prefer-stable": false,
    "prefer-lowest": false,
    "platform": {
        "php": ">=5.3.2"
    },
    "platform-dev": []
}
